
Microsoft Visual Studio Solution File, Format Version 12.00
# Visual Studio Version 17
VisualStudioVersion = 17.12.35506.116
MinimumVisualStudioVersion = 10.0.40219.1
Project("{FAE04EC0-301F-11D3-BF4B-00C04F79EFBC}") = "WS_EUREKA_SOAP_DOTNET", "WS_EUREKA_SOAP_DOTNET\WS_EUREKA_SOAP_DOTNET.csproj", "{73B1D5A7-1EE3-46F2-9F32-964794491B89}"
EndProject
Project("{FAE04EC0-301F-11D3-BF4B-00C04F79EFBC}") = "EUREKA_SOAP_DOTNET_CLICON", "..\02.CLICON\EUREKA_SOAP_DOTNET_CLICON\EUREKA_SOAP_DOTNET_CLICON.csproj", "{522D1EB9-B418-4B3C-BFAB-6086B74B73B5}"
EndProject
Global
	GlobalSection(SolutionConfigurationPlatforms) = preSolution
		Debug|Any CPU = Debug|Any CPU
		Release|Any CPU = Release|Any CPU
	EndGlobalSection
	GlobalSection(ProjectConfigurationPlatforms) = postSolution
		{73B1D5A7-1EE3-46F2-9F32-964794491B89}.Debug|Any CPU.ActiveCfg = Debug|Any CPU
		{73B1D5A7-1EE3-46F2-9F32-964794491B89}.Debug|Any CPU.Build.0 = Debug|Any CPU
		{73B1D5A7-1EE3-46F2-9F32-964794491B89}.Release|Any CPU.ActiveCfg = Release|Any CPU
		{73B1D5A7-1EE3-46F2-9F32-964794491B89}.Release|Any CPU.Build.0 = Release|Any CPU
		{522D1EB9-B418-4B3C-BFAB-6086B74B73B5}.Debug|Any CPU.ActiveCfg = Debug|Any CPU
		{522D1EB9-B418-4B3C-BFAB-6086B74B73B5}.Debug|Any CPU.Build.0 = Debug|Any CPU
		{522D1EB9-B418-4B3C-BFAB-6086B74B73B5}.Release|Any CPU.ActiveCfg = Release|Any CPU
		{522D1EB9-B418-4B3C-BFAB-6086B74B73B5}.Release|Any CPU.Build.0 = Release|Any CPU
	EndGlobalSection
	GlobalSection(SolutionProperties) = preSolution
		HideSolutionNode = FALSE
	EndGlobalSection
EndGlobal
